
Microsoft Visual Studio Solution File, Format Version 12.00
# Visual Studio 15
VisualStudioVersion = 15.0.28307.572
MinimumVisualStudioVersion = 10.0.40219.1
Project("{FAE04EC0-301F-11D3-BF4B-00C04F79EFBC}") = "TaskListApp", "TaskListApp\TaskListApp.csproj", "{285BAED2-2DDF-4132-BA47-8A748438F7FD}"
EndProject
Global
	GlobalSection(SolutionConfigurationPlatforms) = preSolution
		Debug|Any CPU = Debug|Any CPU
		Release|Any CPU = Release|Any CPU
	EndGlobalSection
	GlobalSection(ProjectConfigurationPlatforms) = postSolution
		{285BAED2-2DDF-4132-BA47-8A748438F7FD}.Debug|Any CPU.ActiveCfg = Debug|Any CPU
		{285BAED2-2DDF-4132-BA47-8A748438F7FD}.Debug|Any CPU.Build.0 = Debug|Any CPU
		{285BAED2-2DDF-4132-BA47-8A748438F7FD}.Release|Any CPU.ActiveCfg = Release|Any CPU
		{285BAED2-2DDF-4132-BA47-8A748438F7FD}.Release|Any CPU.Build.0 = Release|Any CPU
	EndGlobalSection
	GlobalSection(SolutionProperties) = preSolution
		HideSolutionNode = FALSE
	EndGlobalSection
	GlobalSection(ExtensibilityGlobals) = postSolution
		SolutionGuid = {C5E9EF59-149A-4DF6-A55C-1B3AF02D5057}
	EndGlobalSection
EndGlobal
